
Microsoft Visual Studio Solution File, Format Version 12.00
# Visual Studio Version 16
VisualStudioVersion = 16.0.30128.74
MinimumVisualStudioVersion = 10.0.40219.1
Project("{9A19103F-16F7-4668-BE54-9A1E7A4F7556}") = "LeetCode.Learn.Arrays101", "LeetCode.Learn.Arrays101\LeetCode.Learn.Arrays101.csproj", "{51B1A074-8DAB-4B05-95DF-B082814E9EBC}"
EndProject
Project("{9A19103F-16F7-4668-BE54-9A1E7A4F7556}") = "LeetCode.Learn.LinkedList", "LeetCode.Learn.LinkedList\LeetCode.Learn.LinkedList.csproj", "{ACA48B29-AB2C-4DC7-810F-8991E8741869}"
EndProject
Project("{9A19103F-16F7-4668-BE54-9A1E7A4F7556}") = "LeetCode.Learn.BinaryTree", "LeetCode.Learn.BinaryTree\LeetCode.Learn.BinaryTree.csproj", "{04B4F067-31B8-4FA9-A340-45C5E7947FC5}"
EndProject
Project("{9A19103F-16F7-4668-BE54-9A1E7A4F7556}") = "LeetCode.Learn.Recursion1", "LeetCode.Learn.Recursion1\LeetCode.Learn.Recursion1.csproj", "{15113DE8-9204-4A81-B9A4-553E5DE6C2BA}"
EndProject
Project("{2150E333-8FDC-42A3-9474-1A3956D46DE8}") = "Solution Items", "Solution Items", "{03D7413F-BCEE-4CCC-838A-78145C3BC8D2}"
	ProjectSection(SolutionItems) = preProject
		ToDo.txt = ToDo.txt
	EndProjectSection
EndProject
Project("{FAE04EC0-301F-11D3-BF4B-00C04F79EFBC}") = "LeetCode.Learn.ArrayAndString", "LeetCode.Learn.ArrayAndString\LeetCode.Learn.ArrayAndString.csproj", "{B9F481B4-63D5-4936-BB55-655F464249A1}"
EndProject
Project("{FAE04EC0-301F-11D3-BF4B-00C04F79EFBC}") = "LeetCode.Learn.QueueAndStack", "LeetCode.Learn.QueueAndStack\LeetCode.Learn.QueueAndStack.csproj", "{E49BF4BF-4A51-419E-963F-43F40D067997}"
EndProject
Project("{FAE04EC0-301F-11D3-BF4B-00C04F79EFBC}") = "LeetCode.Learn.BinarySearchTree", "LeetCode.Learn.BinarySearchTree\LeetCode.Learn.BinarySearchTree.csproj", "{372730B2-4FBA-44D0-B912-6E9A41D4BA24}"
EndProject
Project("{FAE04EC0-301F-11D3-BF4B-00C04F79EFBC}") = "LeetCode.Learn.Trie", "LeetCode.Learn.Trie\LeetCode.Learn.Trie.csproj", "{EF53CAAB-3F6F-4F0F-8580-1DF165CDD778}"
EndProject
Project("{FAE04EC0-301F-11D3-BF4B-00C04F79EFBC}") = "LeetCode.Learn.HashTable", "LeetCode.Learn.HashTable\LeetCode.Learn.HashTable.csproj", "{D151D824-C7FB-4B48-87E8-7E1513B427C5}"
EndProject
Project("{FAE04EC0-301F-11D3-BF4B-00C04F79EFBC}") = "LeetCode.Learn.DecisionTree", "LeetCode.Learn.DecisionTree\LeetCode.Learn.DecisionTree.csproj", "{37E14B9B-EF52-4AE6-94BD-5854B98C6479}"
EndProject
Project("{FAE04EC0-301F-11D3-BF4B-00C04F79EFBC}") = "LeetCode.Learn.Recusion2", "LeetCode.Learn.Recusion2\LeetCode.Learn.Recusion2.csproj", "{3BD41ADF-788A-4B9C-B7B0-714161B34F2F}"
EndProject
Project("{FAE04EC0-301F-11D3-BF4B-00C04F79EFBC}") = "LeetCode.Learn.N-aryTree", "LeetCode.Learn.N-aryTree\LeetCode.Learn.N-aryTree.csproj", "{22A4D5FA-ED4E-47EB-B241-BA784EAB2DD5}"
EndProject
Project("{FAE04EC0-301F-11D3-BF4B-00C04F79EFBC}") = "LeetCode.Learn.ArrayAndString.TestCases", "LeetCode.Learn.ArrayAndString.TestCases\LeetCode.Learn.ArrayAndString.TestCases.csproj", "{22819902-290A-41EB-A798-42AC0550A9DB}"
EndProject
Project("{FAE04EC0-301F-11D3-BF4B-00C04F79EFBC}") = "LeetCode.Learn.Arrays101.TestCases", "LeetCode.Learn.Arrays101.TestCases\LeetCode.Learn.Arrays101.TestCases.csproj", "{C123D154-71DC-4DE9-B458-064FCAD8B787}"
EndProject
Project("{FAE04EC0-301F-11D3-BF4B-00C04F79EFBC}") = "LeetCode.Learn.BinarySearchTree.TestCases", "LeetCode.Learn.BinarySearchTree.TestCases\LeetCode.Learn.BinarySearchTree.TestCases.csproj", "{71A270B9-DEAB-4678-A029-63791C66B87D}"
EndProject
Project("{FAE04EC0-301F-11D3-BF4B-00C04F79EFBC}") = "LeetCode.Learn.BinaryTree.TestCases", "LeetCode.Learn.BinaryTree.TestCases\LeetCode.Learn.BinaryTree.TestCases.csproj", "{89982CDA-80D0-4FC9-901D-A7FECE1C3EFA}"
EndProject
Project("{FAE04EC0-301F-11D3-BF4B-00C04F79EFBC}") = "LeetCode.Learn.DecisionTree.TestCases", "LeetCode.Learn.DecisionTree.TestCases\LeetCode.Learn.DecisionTree.TestCases.csproj", "{317D4786-88BE-41A5-B6F7-6C0831EF5A5C}"
EndProject
Project("{FAE04EC0-301F-11D3-BF4B-00C04F79EFBC}") = "LeetCode.Learn.HashTable.TestCases", "LeetCode.Learn.HashTable.TestCases\LeetCode.Learn.HashTable.TestCases.csproj", "{3A582E87-F1D3-432E-97C8-AC53AB0FB399}"
EndProject
Project("{FAE04EC0-301F-11D3-BF4B-00C04F79EFBC}") = "LeetCode.Learn.LinkedList.TestCases", "LeetCode.Learn.LinkedList.TestCases\LeetCode.Learn.LinkedList.TestCases.csproj", "{02F97AA0-5098-449A-9694-AAFFFC7A73A2}"
EndProject
Project("{FAE04EC0-301F-11D3-BF4B-00C04F79EFBC}") = "LeetCode.Learn.N-aryTree.TestCases", "LeetCode.Learn.N_aryTree.TestCases\LeetCode.Learn.N-aryTree.TestCases.csproj", "{D980A3E5-47CF-401E-8389-0CDC82D293E2}"
EndProject
Project("{FAE04EC0-301F-11D3-BF4B-00C04F79EFBC}") = "LeetCode.Learn.QueueAndStack.TestCases", "LeetCode.Learn.QueueAndStack.TestCases\LeetCode.Learn.QueueAndStack.TestCases.csproj", "{DC3E4E0C-A3EC-4668-9E1D-9C1B12A0EB50}"
EndProject
Project("{FAE04EC0-301F-11D3-BF4B-00C04F79EFBC}") = "LeetCode.Learn.Recursion1.TestCases", "LeetCode.Learn.Recursion1.TestCases\LeetCode.Learn.Recursion1.TestCases.csproj", "{5300629C-3735-42AA-AE9C-C3D4C189383F}"
EndProject
Project("{FAE04EC0-301F-11D3-BF4B-00C04F79EFBC}") = "LeetCode.Learn.Recusion2.TestCases", "LeetCode.Learn.Recusion2.TestCases\LeetCode.Learn.Recusion2.TestCases.csproj", "{03E2883A-65D1-46B4-BDD4-C5924A34D76A}"
EndProject
Project("{FAE04EC0-301F-11D3-BF4B-00C04F79EFBC}") = "LeetCode.Learn.Trie.TestCases", "LeetCode.Learn.Trie.TestCases\LeetCode.Learn.Trie.TestCases.csproj", "{9356146C-D070-4C2E-91D0-4E46CD685DD8}"
EndProject
Project("{2150E333-8FDC-42A3-9474-1A3956D46DE8}") = "Foundation", "Foundation", "{141D64A7-AADF-4F4F-BDFE-C11032D488BC}"
EndProject
Project("{FAE04EC0-301F-11D3-BF4B-00C04F79EFBC}") = "LeetCode.Learn.Foundation", "LeetCode.Learn.Foundation\LeetCode.Learn.Foundation.csproj", "{691CBFB4-2AA3-4A3B-B03C-FE3DFB6CD997}"
EndProject
Global
	GlobalSection(SolutionConfigurationPlatforms) = preSolution
		Debug|Any CPU = Debug|Any CPU
		Release|Any CPU = Release|Any CPU
	EndGlobalSection
	GlobalSection(ProjectConfigurationPlatforms) = postSolution
		{51B1A074-8DAB-4B05-95DF-B082814E9EBC}.Debug|Any CPU.ActiveCfg = Debug|Any CPU
		{51B1A074-8DAB-4B05-95DF-B082814E9EBC}.Debug|Any CPU.Build.0 = Debug|Any CPU
		{51B1A074-8DAB-4B05-95DF-B082814E9EBC}.Release|Any CPU.ActiveCfg = Release|Any CPU
		{51B1A074-8DAB-4B05-95DF-B082814E9EBC}.Release|Any CPU.Build.0 = Release|Any CPU
		{ACA48B29-AB2C-4DC7-810F-8991E8741869}.Debug|Any CPU.ActiveCfg = Debug|Any CPU
		{ACA48B29-AB2C-4DC7-810F-8991E8741869}.Debug|Any CPU.Build.0 = Debug|Any CPU
		{ACA48B29-AB2C-4DC7-810F-8991E8741869}.Release|Any CPU.ActiveCfg = Release|Any CPU
		{ACA48B29-AB2C-4DC7-810F-8991E8741869}.Release|Any CPU.Build.0 = Release|Any CPU
		{04B4F067-31B8-4FA9-A340-45C5E7947FC5}.Debug|Any CPU.ActiveCfg = Debug|Any CPU
		{04B4F067-31B8-4FA9-A340-45C5E7947FC5}.Debug|Any CPU.Build.0 = Debug|Any CPU
		{04B4F067-31B8-4FA9-A340-45C5E7947FC5}.Release|Any CPU.ActiveCfg = Release|Any CPU
		{04B4F067-31B8-4FA9-A340-45C5E7947FC5}.Release|Any CPU.Build.0 = Release|Any CPU
		{15113DE8-9204-4A81-B9A4-553E5DE6C2BA}.Debug|Any CPU.ActiveCfg = Debug|Any CPU
		{15113DE8-9204-4A81-B9A4-553E5DE6C2BA}.Debug|Any CPU.Build.0 = Debug|Any CPU
		{15113DE8-9204-4A81-B9A4-553E5DE6C2BA}.Release|Any CPU.ActiveCfg = Release|Any CPU
		{15113DE8-9204-4A81-B9A4-553E5DE6C2BA}.Release|Any CPU.Build.0 = Release|Any CPU
		{B9F481B4-63D5-4936-BB55-655F464249A1}.Debug|Any CPU.ActiveCfg = Debug|Any CPU
		{B9F481B4-63D5-4936-BB55-655F464249A1}.Debug|Any CPU.Build.0 = Debug|Any CPU
		{B9F481B4-63D5-4936-BB55-655F464249A1}.Release|Any CPU.ActiveCfg = Release|Any CPU
		{B9F481B4-63D5-4936-BB55-655F464249A1}.Release|Any CPU.Build.0 = Release|Any CPU
		{E49BF4BF-4A51-419E-963F-43F40D067997}.Debug|Any CPU.ActiveCfg = Debug|Any CPU
		{E49BF4BF-4A51-419E-963F-43F40D067997}.Debug|Any CPU.Build.0 = Debug|Any CPU
		{E49BF4BF-4A51-419E-963F-43F40D067997}.Release|Any CPU.ActiveCfg = Release|Any CPU
		{E49BF4BF-4A51-419E-963F-43F40D067997}.Release|Any CPU.Build.0 = Release|Any CPU
		{372730B2-4FBA-44D0-B912-6E9A41D4BA24}.Debug|Any CPU.ActiveCfg = Debug|Any CPU
		{372730B2-4FBA-44D0-B912-6E9A41D4BA24}.Debug|Any CPU.Build.0 = Debug|Any CPU
		{372730B2-4FBA-44D0-B912-6E9A41D4BA24}.Release|Any CPU.ActiveCfg = Release|Any CPU
		{372730B2-4FBA-44D0-B912-6E9A41D4BA24}.Release|Any CPU.Build.0 = Release|Any CPU
		{EF53CAAB-3F6F-4F0F-8580-1DF165CDD778}.Debug|Any CPU.ActiveCfg = Debug|Any CPU
		{EF53CAAB-3F6F-4F0F-8580-1DF165CDD778}.Debug|Any CPU.Build.0 = Debug|Any CPU
		{EF53CAAB-3F6F-4F0F-8580-1DF165CDD778}.Release|Any CPU.ActiveCfg = Release|Any CPU
		{EF53CAAB-3F6F-4F0F-8580-1DF165CDD778}.Release|Any CPU.Build.0 = Release|Any CPU
		{D151D824-C7FB-4B48-87E8-7E1513B427C5}.Debug|Any CPU.ActiveCfg = Debug|Any CPU
		{D151D824-C7FB-4B48-87E8-7E1513B427C5}.Debug|Any CPU.Build.0 = Debug|Any CPU
		{D151D824-C7FB-4B48-87E8-7E1513B427C5}.Release|Any CPU.ActiveCfg = Release|Any CPU
		{D151D824-C7FB-4B48-87E8-7E1513B427C5}.Release|Any CPU.Build.0 = Release|Any CPU
		{37E14B9B-EF52-4AE6-94BD-5854B98C6479}.Debug|Any CPU.ActiveCfg = Debug|Any CPU
		{37E14B9B-EF52-4AE6-94BD-5854B98C6479}.Debug|Any CPU.Build.0 = Debug|Any CPU
		{37E14B9B-EF52-4AE6-94BD-5854B98C6479}.Release|Any CPU.ActiveCfg = Release|Any CPU
		{37E14B9B-EF52-4AE6-94BD-5854B98C6479}.Release|Any CPU.Build.0 = Release|Any CPU
		{3BD41ADF-788A-4B9C-B7B0-714161B34F2F}.Debug|Any CPU.ActiveCfg = Debug|Any CPU
		{3BD41ADF-788A-4B9C-B7B0-714161B34F2F}.Debug|Any CPU.Build.0 = Debug|Any CPU
		{3BD41ADF-788A-4B9C-B7B0-714161B34F2F}.Release|Any CPU.ActiveCfg = Release|Any CPU
		{3BD41ADF-788A-4B9C-B7B0-714161B34F2F}.Release|Any CPU.Build.0 = Release|Any CPU
		{22A4D5FA-ED4E-47EB-B241-BA784EAB2DD5}.Debug|Any CPU.ActiveCfg = Debug|Any CPU
		{22A4D5FA-ED4E-47EB-B241-BA784EAB2DD5}.Debug|Any CPU.Build.0 = Debug|Any CPU
		{22A4D5FA-ED4E-47EB-B241-BA784EAB2DD5}.Release|Any CPU.ActiveCfg = Release|Any CPU
		{22A4D5FA-ED4E-47EB-B241-BA784EAB2DD5}.Release|Any CPU.Build.0 = Release|Any CPU
		{22819902-290A-41EB-A798-42AC0550A9DB}.Debug|Any CPU.ActiveCfg = Debug|Any CPU
		{22819902-290A-41EB-A798-42AC0550A9DB}.Debug|Any CPU.Build.0 = Debug|Any CPU
		{22819902-290A-41EB-A798-42AC0550A9DB}.Release|Any CPU.ActiveCfg = Release|Any CPU
		{22819902-290A-41EB-A798-42AC0550A9DB}.Release|Any CPU.Build.0 = Release|Any CPU
		{C123D154-71DC-4DE9-B458-064FCAD8B787}.Debug|Any CPU.ActiveCfg = Debug|Any CPU
		{C123D154-71DC-4DE9-B458-064FCAD8B787}.Debug|Any CPU.Build.0 = Debug|Any CPU
		{C123D154-71DC-4DE9-B458-064FCAD8B787}.Release|Any CPU.ActiveCfg = Release|Any CPU
		{C123D154-71DC-4DE9-B458-064FCAD8B787}.Release|Any CPU.Build.0 = Release|Any CPU
		{71A270B9-DEAB-4678-A029-63791C66B87D}.Debug|Any CPU.ActiveCfg = Debug|Any CPU
		{71A270B9-DEAB-4678-A029-63791C66B87D}.Debug|Any CPU.Build.0 = Debug|Any CPU
		{71A270B9-DEAB-4678-A029-63791C66B87D}.Release|Any CPU.ActiveCfg = Release|Any CPU
		{71A270B9-DEAB-4678-A029-63791C66B87D}.Release|Any CPU.Build.0 = Release|Any CPU
		{89982CDA-80D0-4FC9-901D-A7FECE1C3EFA}.Debug|Any CPU.ActiveCfg = Debug|Any CPU
		{89982CDA-80D0-4FC9-901D-A7FECE1C3EFA}.Debug|Any CPU.Build.0 = Debug|Any CPU
		{89982CDA-80D0-4FC9-901D-A7FECE1C3EFA}.Release|Any CPU.ActiveCfg = Release|Any CPU
		{89982CDA-80D0-4FC9-901D-A7FECE1C3EFA}.Release|Any CPU.Build.0 = Release|Any CPU
		{317D4786-88BE-41A5-B6F7-6C0831EF5A5C}.Debug|Any CPU.ActiveCfg = Debug|Any CPU
		{317D4786-88BE-41A5-B6F7-6C0831EF5A5C}.Debug|Any CPU.Build.0 = Debug|Any CPU
		{317D4786-88BE-41A5-B6F7-6C0831EF5A5C}.Release|Any CPU.ActiveCfg = Release|Any CPU
		{317D4786-88BE-41A5-B6F7-6C0831EF5A5C}.Release|Any CPU.Build.0 = Release|Any CPU
		{3A582E87-F1D3-432E-97C8-AC53AB0FB399}.Debug|Any CPU.ActiveCfg = Debug|Any CPU
		{3A582E87-F1D3-432E-97C8-AC53AB0FB399}.Debug|Any CPU.Build.0 = Debug|Any CPU
		{3A582E87-F1D3-432E-97C8-AC53AB0FB399}.Release|Any CPU.ActiveCfg = Release|Any CPU
		{3A582E87-F1D3-432E-97C8-AC53AB0FB399}.Release|Any CPU.Build.0 = Release|Any CPU
		{02F97AA0-5098-449A-9694-AAFFFC7A73A2}.Debug|Any CPU.ActiveCfg = Debug|Any CPU
		{02F97AA0-5098-449A-9694-AAFFFC7A73A2}.Debug|Any CPU.Build.0 = Debug|Any CPU
		{02F97AA0-5098-449A-9694-AAFFFC7A73A2}.Release|Any CPU.ActiveCfg = Release|Any CPU
		{02F97AA0-5098-449A-9694-AAFFFC7A73A2}.Release|Any CPU.Build.0 = Release|Any CPU
		{D980A3E5-47CF-401E-8389-0CDC82D293E2}.Debug|Any CPU.ActiveCfg = Debug|Any CPU
		{D980A3E5-47CF-401E-8389-0CDC82D293E2}.Debug|Any CPU.Build.0 = Debug|Any CPU
		{D980A3E5-47CF-401E-8389-0CDC82D293E2}.Release|Any CPU.ActiveCfg = Release|Any CPU
		{D980A3E5-47CF-401E-8389-0CDC82D293E2}.Release|Any CPU.Build.0 = Release|Any CPU
		{DC3E4E0C-A3EC-4668-9E1D-9C1B12A0EB50}.Debug|Any CPU.ActiveCfg = Debug|Any CPU
		{DC3E4E0C-A3EC-4668-9E1D-9C1B12A0EB50}.Debug|Any CPU.Build.0 = Debug|Any CPU
		{DC3E4E0C-A3EC-4668-9E1D-9C1B12A0EB50}.Release|Any CPU.ActiveCfg = Release|Any CPU
		{DC3E4E0C-A3EC-4668-9E1D-9C1B12A0EB50}.Release|Any CPU.Build.0 = Release|Any CPU
		{5300629C-3735-42AA-AE9C-C3D4C189383F}.Debug|Any CPU.ActiveCfg = Debug|Any CPU
		{5300629C-3735-42AA-AE9C-C3D4C189383F}.Debug|Any CPU.Build.0 = Debug|Any CPU
		{5300629C-3735-42AA-AE9C-C3D4C189383F}.Release|Any CPU.ActiveCfg = Release|Any CPU
		{5300629C-3735-42AA-AE9C-C3D4C189383F}.Release|Any CPU.Build.0 = Release|Any CPU
		{03E2883A-65D1-46B4-BDD4-C5924A34D76A}.Debug|Any CPU.ActiveCfg = Debug|Any CPU
		{03E2883A-65D1-46B4-BDD4-C5924A34D76A}.Debug|Any CPU.Build.0 = Debug|Any CPU
		{03E2883A-65D1-46B4-BDD4-C5924A34D76A}.Release|Any CPU.ActiveCfg = Release|Any CPU
		{03E2883A-65D1-46B4-BDD4-C5924A34D76A}.Release|Any CPU.Build.0 = Release|Any CPU
		{9356146C-D070-4C2E-91D0-4E46CD685DD8}.Debug|Any CPU.ActiveCfg = Debug|Any CPU
		{9356146C-D070-4C2E-91D0-4E46CD685DD8}.Debug|Any CPU.Build.0 = Debug|Any CPU
		{9356146C-D070-4C2E-91D0-4E46CD685DD8}.Release|Any CPU.ActiveCfg = Release|Any CPU
		{9356146C-D070-4C2E-91D0-4E46CD685DD8}.Release|Any CPU.Build.0 = Release|Any CPU
		{691CBFB4-2AA3-4A3B-B03C-FE3DFB6CD997}.Debug|Any CPU.ActiveCfg = Debug|Any CPU
		{691CBFB4-2AA3-4A3B-B03C-FE3DFB6CD997}.Debug|Any CPU.Build.0 = Debug|Any CPU
		{691CBFB4-2AA3-4A3B-B03C-FE3DFB6CD997}.Release|Any CPU.ActiveCfg = Release|Any CPU
		{691CBFB4-2AA3-4A3B-B03C-FE3DFB6CD997}.Release|Any CPU.Build.0 = Release|Any CPU
	EndGlobalSection
	GlobalSection(SolutionProperties) = preSolution
		HideSolutionNode = FALSE
	EndGlobalSection
	GlobalSection(NestedProjects) = preSolution
		{691CBFB4-2AA3-4A3B-B03C-FE3DFB6CD997} = {141D64A7-AADF-4F4F-BDFE-C11032D488BC}
	EndGlobalSection
	GlobalSection(ExtensibilityGlobals) = postSolution
		SolutionGuid = {2A896314-2B95-4607-9C74-E67EAC0C2EE1}
	EndGlobalSection
EndGlobal
